# This file is generated by running "yarn install" inside your project.
# Manual changes might be lost - proceed with caution!

__metadata:
  version: 6
  cacheKey: 8

"auohp@workspace:.":
  version: 0.0.0-use.local
  resolution: "auohp@workspace:."
  dependencies:
    gsap: "npm:@gsap/member@latest"
    typescript: next
  languageName: unknown
  linkType: soft

"gsap@npm:@gsap/member@latest":
  version: 3.11.5
  resolution: "@gsap/member@npm:3.11.5"
  checksum: e0a77fe2e8fe815371a92d3b2252c136fafdcf0124bc4aa0ef4c863570b4770c2ed1231e3e259af484092e3320c023c433b0e1bd51bf05795a445ed42d5007c2
  languageName: node
  linkType: hard

"typescript@npm:next":
  version: 5.2.0-dev.20230518
  resolution: "typescript@npm:5.2.0-dev.20230518"
  bin:
    tsc: bin/tsc
    tsserver: bin/tsserver
  checksum: a176728effa6965b93a8dd9a9e13473770701374183050b541314d35ce2807ea9fbf38e489618db4290b1193dabc14b5fca9d40c85b83245371f7f702ae54a8f
  languageName: node
  linkType: hard

"typescript@patch:typescript@next#~builtin<compat/typescript>":
  version: 5.2.0-dev.20230518
  resolution: "typescript@patch:typescript@npm%3A5.2.0-dev.20230518#~builtin<compat/typescript>::version=5.2.0-dev.20230518&hash=77c9e2"
  bin:
    tsc: bin/tsc
    tsserver: bin/tsserver
  checksum: 399853760646387a8fab3531fb211b679566f86fb16f6c9d259567061610f038da061c5831305d13f40babdc62c6cfd515dd74dcc4ffc253b2693c3a45da4ec2
  languageName: node
  linkType: hard
